
Microsoft Visual Studio Solution File, Format Version 12.00
# Visual Studio Version 17
VisualStudioVersion = 17.3.32825.248
MinimumVisualStudioVersion = 10.0.40219.1
Project("{FAE04EC0-301F-11D3-BF4B-00C04F79EFBC}") = "MathSets", "MathSets\MathSets.csproj", "{AEF8E8BE-69DF-4C83-A219-29EC71AEFE34}"
EndProject
Project("{9A19103F-16F7-4668-BE54-9A1E7A4F7556}") = "TestMathSets", "TestMathSets\TestMathSets.csproj", "{2220C1D8-3503-4AE8-BBF3-702B91C2987F}"
EndProject
Project("{54435603-DBB4-11D2-8724-00A0C9A8B90C}") = "Setup", "Setup\Setup.vdproj", "{6E2E8DEC-CE15-4C68-9793-3ED2363C63DE}"
EndProject
Global
	GlobalSection(SolutionConfigurationPlatforms) = preSolution
		Debug|Any CPU = Debug|Any CPU
		Release|Any CPU = Release|Any CPU
	EndGlobalSection
	GlobalSection(ProjectConfigurationPlatforms) = postSolution
		{AEF8E8BE-69DF-4C83-A219-29EC71AEFE34}.Debug|Any CPU.ActiveCfg = Debug|Any CPU
		{AEF8E8BE-69DF-4C83-A219-29EC71AEFE34}.Debug|Any CPU.Build.0 = Debug|Any CPU
		{AEF8E8BE-69DF-4C83-A219-29EC71AEFE34}.Release|Any CPU.ActiveCfg = Release|Any CPU
		{AEF8E8BE-69DF-4C83-A219-29EC71AEFE34}.Release|Any CPU.Build.0 = Release|Any CPU
		{2220C1D8-3503-4AE8-BBF3-702B91C2987F}.Debug|Any CPU.ActiveCfg = Debug|Any CPU
		{2220C1D8-3503-4AE8-BBF3-702B91C2987F}.Debug|Any CPU.Build.0 = Debug|Any CPU
		{2220C1D8-3503-4AE8-BBF3-702B91C2987F}.Release|Any CPU.ActiveCfg = Release|Any CPU
		{2220C1D8-3503-4AE8-BBF3-702B91C2987F}.Release|Any CPU.Build.0 = Release|Any CPU
		{6E2E8DEC-CE15-4C68-9793-3ED2363C63DE}.Debug|Any CPU.ActiveCfg = Debug
		{6E2E8DEC-CE15-4C68-9793-3ED2363C63DE}.Release|Any CPU.ActiveCfg = Release
	EndGlobalSection
	GlobalSection(SolutionProperties) = preSolution
		HideSolutionNode = FALSE
	EndGlobalSection
	GlobalSection(ExtensibilityGlobals) = postSolution
		SolutionGuid = {3F9515F5-216E-4ABA-A610-24B5C4743CDB}
	EndGlobalSection
EndGlobal
